
Microsoft Visual Studio Solution File, Format Version 12.00
# Visual Studio 14
VisualStudioVersion = 14.0.22823.1
MinimumVisualStudioVersion = 10.0.40219.1
Project("{2150E333-8FDC-42A3-9474-1A3956D46DE8}") = "src", "src", "{5FB87F90-309F-43C8-8A12-5101E50F263C}"
EndProject
Project("{2150E333-8FDC-42A3-9474-1A3956D46DE8}") = "Solution Items", "Solution Items", "{EDBE7E6D-4010-448B-82C9-8343B16893D4}"
	ProjectSection(SolutionItems) = preProject
		.gitignore = .gitignore
		global.json = global.json
		WebEssentials2015-Settings.json = WebEssentials2015-Settings.json
	EndProjectSection
EndProject
Project("{8BB2217D-0F2D-49D1-97BC-3654ED321F3B}") = "HairBand", "src\HairBand\HairBand.xproj", "{461F2F0C-A672-447C-A7C1-868BCC165FE6}"
EndProject
Project("{8BB2217D-0F2D-49D1-97BC-3654ED321F3B}") = "HairBand.Core", "src\HairBand.Core\HairBand.Core.xproj", "{8EFA6B9B-63FF-4085-B23C-04CAF75199A5}"
EndProject
Project("{8BB2217D-0F2D-49D1-97BC-3654ED321F3B}") = "HairBand.Web", "src\HairBand.Web\HairBand.Web.xproj", "{7D8D54FE-72F7-4F87-84B7-2E679325332D}"
EndProject
Project("{8BB2217D-0F2D-49D1-97BC-3654ED321F3B}") = "DotLiquid-Core", "lib\DotLiquid\DotLiquid-Core.xproj", "{498A1B1F-FD7F-496A-8B56-67918DF80971}"
EndProject
Project("{FAE04EC0-301F-11D3-BF4B-00C04F79EFBC}") = "DotLiquid", "lib\DotLiquid\DotLiquid.csproj", "{CB9372CD-9C1D-47AB-92D8-702D4D68324F}"
EndProject
Project("{2150E333-8FDC-42A3-9474-1A3956D46DE8}") = "lib", "lib", "{F786FCAD-E4CC-482B-8110-FBB156F0F5C9}"
EndProject
Project("{8BB2217D-0F2D-49D1-97BC-3654ED321F3B}") = "HairBand.Web.Admin", "src\HairBand.Web.Admin\HairBand.Web.Admin.xproj", "{3E60FB52-63E5-4E8E-AD48-7AE322B5BBA8}"
EndProject
Global
	GlobalSection(SolutionConfigurationPlatforms) = preSolution
		Debug|Any CPU = Debug|Any CPU
		Release|Any CPU = Release|Any CPU
	EndGlobalSection
	GlobalSection(ProjectConfigurationPlatforms) = postSolution
		{461F2F0C-A672-447C-A7C1-868BCC165FE6}.Debug|Any CPU.ActiveCfg = Debug|Any CPU
		{461F2F0C-A672-447C-A7C1-868BCC165FE6}.Debug|Any CPU.Build.0 = Debug|Any CPU
		{461F2F0C-A672-447C-A7C1-868BCC165FE6}.Release|Any CPU.ActiveCfg = Release|Any CPU
		{461F2F0C-A672-447C-A7C1-868BCC165FE6}.Release|Any CPU.Build.0 = Release|Any CPU
		{8EFA6B9B-63FF-4085-B23C-04CAF75199A5}.Debug|Any CPU.ActiveCfg = Debug|Any CPU
		{8EFA6B9B-63FF-4085-B23C-04CAF75199A5}.Debug|Any CPU.Build.0 = Debug|Any CPU
		{8EFA6B9B-63FF-4085-B23C-04CAF75199A5}.Release|Any CPU.ActiveCfg = Release|Any CPU
		{8EFA6B9B-63FF-4085-B23C-04CAF75199A5}.Release|Any CPU.Build.0 = Release|Any CPU
		{7D8D54FE-72F7-4F87-84B7-2E679325332D}.Debug|Any CPU.ActiveCfg = Debug|Any CPU
		{7D8D54FE-72F7-4F87-84B7-2E679325332D}.Debug|Any CPU.Build.0 = Debug|Any CPU
		{7D8D54FE-72F7-4F87-84B7-2E679325332D}.Release|Any CPU.ActiveCfg = Release|Any CPU
		{7D8D54FE-72F7-4F87-84B7-2E679325332D}.Release|Any CPU.Build.0 = Release|Any CPU
		{498A1B1F-FD7F-496A-8B56-67918DF80971}.Debug|Any CPU.ActiveCfg = Debug|Any CPU
		{498A1B1F-FD7F-496A-8B56-67918DF80971}.Debug|Any CPU.Build.0 = Debug|Any CPU
		{498A1B1F-FD7F-496A-8B56-67918DF80971}.Release|Any CPU.ActiveCfg = Release|Any CPU
		{498A1B1F-FD7F-496A-8B56-67918DF80971}.Release|Any CPU.Build.0 = Release|Any CPU
		{CB9372CD-9C1D-47AB-92D8-702D4D68324F}.Debug|Any CPU.ActiveCfg = Debug|Any CPU
		{CB9372CD-9C1D-47AB-92D8-702D4D68324F}.Debug|Any CPU.Build.0 = Debug|Any CPU
		{CB9372CD-9C1D-47AB-92D8-702D4D68324F}.Release|Any CPU.ActiveCfg = Release|Any CPU
		{CB9372CD-9C1D-47AB-92D8-702D4D68324F}.Release|Any CPU.Build.0 = Release|Any CPU
		{3E60FB52-63E5-4E8E-AD48-7AE322B5BBA8}.Debug|Any CPU.ActiveCfg = Debug|Any CPU
		{3E60FB52-63E5-4E8E-AD48-7AE322B5BBA8}.Debug|Any CPU.Build.0 = Debug|Any CPU
		{3E60FB52-63E5-4E8E-AD48-7AE322B5BBA8}.Release|Any CPU.ActiveCfg = Release|Any CPU
		{3E60FB52-63E5-4E8E-AD48-7AE322B5BBA8}.Release|Any CPU.Build.0 = Release|Any CPU
	EndGlobalSection
	GlobalSection(SolutionProperties) = preSolution
		HideSolutionNode = FALSE
	EndGlobalSection
	GlobalSection(NestedProjects) = preSolution
		{461F2F0C-A672-447C-A7C1-868BCC165FE6} = {5FB87F90-309F-43C8-8A12-5101E50F263C}
		{8EFA6B9B-63FF-4085-B23C-04CAF75199A5} = {5FB87F90-309F-43C8-8A12-5101E50F263C}
		{7D8D54FE-72F7-4F87-84B7-2E679325332D} = {5FB87F90-309F-43C8-8A12-5101E50F263C}
		{498A1B1F-FD7F-496A-8B56-67918DF80971} = {F786FCAD-E4CC-482B-8110-FBB156F0F5C9}
		{CB9372CD-9C1D-47AB-92D8-702D4D68324F} = {F786FCAD-E4CC-482B-8110-FBB156F0F5C9}
		{3E60FB52-63E5-4E8E-AD48-7AE322B5BBA8} = {5FB87F90-309F-43C8-8A12-5101E50F263C}
	EndGlobalSection
EndGlobal
